
Microsoft Visual Studio Solution File, Format Version 12.00
# Visual Studio 15
VisualStudioVersion = 15.0.28010.2016
MinimumVisualStudioVersion = 10.0.40219.1
Project("{FAE04EC0-301F-11D3-BF4B-00C04F79EFBC}") = "StringTask2", "StringTask2\StringTask2.csproj", "{3BC7B130-A35F-413D-83D6-7E6CF3859BE8}"
EndProject
Global
	GlobalSection(SolutionConfigurationPlatforms) = preSolution
		Debug|Any CPU = Debug|Any CPU
		Release|Any CPU = Release|Any CPU
	EndGlobalSection
	GlobalSection(ProjectConfigurationPlatforms) = postSolution
		{3BC7B130-A35F-413D-83D6-7E6CF3859BE8}.Debug|Any CPU.ActiveCfg = Debug|Any CPU
		{3BC7B130-A35F-413D-83D6-7E6CF3859BE8}.Debug|Any CPU.Build.0 = Debug|Any CPU
		{3BC7B130-A35F-413D-83D6-7E6CF3859BE8}.Release|Any CPU.ActiveCfg = Release|Any CPU
		{3BC7B130-A35F-413D-83D6-7E6CF3859BE8}.Release|Any CPU.Build.0 = Release|Any CPU
	EndGlobalSection
	GlobalSection(SolutionProperties) = preSolution
		HideSolutionNode = FALSE
	EndGlobalSection
	GlobalSection(ExtensibilityGlobals) = postSolution
		SolutionGuid = {A7D3D153-9F3E-424D-9B32-EBAC6DD7A08B}
	EndGlobalSection
EndGlobal
