
Microsoft Visual Studio Solution File, Format Version 12.00
# Visual Studio 15
VisualStudioVersion = 15.0.28010.2016
MinimumVisualStudioVersion = 10.0.40219.1
Project("{9A19103F-16F7-4668-BE54-9A1E7A4F7556}") = "ifTask1.4", "ifTask1.4\ifTask1.4.csproj", "{52BBF0AC-7F72-4EC2-A508-D7BCF098BD03}"
EndProject
Project("{9A19103F-16F7-4668-BE54-9A1E7A4F7556}") = "ifTask1.3", "..\..\ifTask1.3\ifTask1.3\ifTask1.3.csproj", "{9B75E717-FA69-45BE-B1D7-43526BE80D62}"
EndProject
Global
	GlobalSection(SolutionConfigurationPlatforms) = preSolution
		Debug|Any CPU = Debug|Any CPU
		Release|Any CPU = Release|Any CPU
	EndGlobalSection
	GlobalSection(ProjectConfigurationPlatforms) = postSolution
		{52BBF0AC-7F72-4EC2-A508-D7BCF098BD03}.Debug|Any CPU.ActiveCfg = Debug|Any CPU
		{52BBF0AC-7F72-4EC2-A508-D7BCF098BD03}.Debug|Any CPU.Build.0 = Debug|Any CPU
		{52BBF0AC-7F72-4EC2-A508-D7BCF098BD03}.Release|Any CPU.ActiveCfg = Release|Any CPU
		{52BBF0AC-7F72-4EC2-A508-D7BCF098BD03}.Release|Any CPU.Build.0 = Release|Any CPU
		{9B75E717-FA69-45BE-B1D7-43526BE80D62}.Debug|Any CPU.ActiveCfg = Debug|Any CPU
		{9B75E717-FA69-45BE-B1D7-43526BE80D62}.Debug|Any CPU.Build.0 = Debug|Any CPU
		{9B75E717-FA69-45BE-B1D7-43526BE80D62}.Release|Any CPU.ActiveCfg = Release|Any CPU
		{9B75E717-FA69-45BE-B1D7-43526BE80D62}.Release|Any CPU.Build.0 = Release|Any CPU
	EndGlobalSection
	GlobalSection(SolutionProperties) = preSolution
		HideSolutionNode = FALSE
	EndGlobalSection
	GlobalSection(ExtensibilityGlobals) = postSolution
		SolutionGuid = {390AE813-5981-4B53-A17E-3F20E277B603}
	EndGlobalSection
EndGlobal
