
Microsoft Visual Studio Solution File, Format Version 12.00
# Visual Studio 15
VisualStudioVersion = 15.0.28010.2016
MinimumVisualStudioVersion = 10.0.40219.1
Project("{FAE04EC0-301F-11D3-BF4B-00C04F79EFBC}") = "ItsearviontiTehtävä 2", "ItsearviontiTehtävä 2\ItsearviontiTehtävä 2.csproj", "{60DEC96A-E039-4040-86A7-EB6673379414}"
EndProject
Global
	GlobalSection(SolutionConfigurationPlatforms) = preSolution
		Debug|Any CPU = Debug|Any CPU
		Release|Any CPU = Release|Any CPU
	EndGlobalSection
	GlobalSection(ProjectConfigurationPlatforms) = postSolution
		{60DEC96A-E039-4040-86A7-EB6673379414}.Debug|Any CPU.ActiveCfg = Debug|Any CPU
		{60DEC96A-E039-4040-86A7-EB6673379414}.Debug|Any CPU.Build.0 = Debug|Any CPU
		{60DEC96A-E039-4040-86A7-EB6673379414}.Release|Any CPU.ActiveCfg = Release|Any CPU
		{60DEC96A-E039-4040-86A7-EB6673379414}.Release|Any CPU.Build.0 = Release|Any CPU
	EndGlobalSection
	GlobalSection(SolutionProperties) = preSolution
		HideSolutionNode = FALSE
	EndGlobalSection
	GlobalSection(ExtensibilityGlobals) = postSolution
		SolutionGuid = {9A984216-5F01-4B2E-BDC9-3D7E70FCB8CF}
	EndGlobalSection
EndGlobal
