
Microsoft Visual Studio Solution File, Format Version 12.00
# Visual Studio 15
VisualStudioVersion = 15.0.28010.2016
MinimumVisualStudioVersion = 10.0.40219.1
Project("{FAE04EC0-301F-11D3-BF4B-00C04F79EFBC}") = "TableTask 3.2", "TableTask 3.2\TableTask 3.2.csproj", "{E9188FC4-D7E3-4183-A8B1-7BB98A591584}"
EndProject
Global
	GlobalSection(SolutionConfigurationPlatforms) = preSolution
		Debug|Any CPU = Debug|Any CPU
		Release|Any CPU = Release|Any CPU
	EndGlobalSection
	GlobalSection(ProjectConfigurationPlatforms) = postSolution
		{E9188FC4-D7E3-4183-A8B1-7BB98A591584}.Debug|Any CPU.ActiveCfg = Debug|Any CPU
		{E9188FC4-D7E3-4183-A8B1-7BB98A591584}.Debug|Any CPU.Build.0 = Debug|Any CPU
		{E9188FC4-D7E3-4183-A8B1-7BB98A591584}.Release|Any CPU.ActiveCfg = Release|Any CPU
		{E9188FC4-D7E3-4183-A8B1-7BB98A591584}.Release|Any CPU.Build.0 = Release|Any CPU
	EndGlobalSection
	GlobalSection(SolutionProperties) = preSolution
		HideSolutionNode = FALSE
	EndGlobalSection
	GlobalSection(ExtensibilityGlobals) = postSolution
		SolutionGuid = {6CE9F5E0-A0C0-42FF-B51B-7CC29E469C52}
	EndGlobalSection
EndGlobal
