
Microsoft Visual Studio Solution File, Format Version 12.00
# Visual Studio 15
VisualStudioVersion = 15.0.28010.2016
MinimumVisualStudioVersion = 10.0.40219.1
Project("{FAE04EC0-301F-11D3-BF4B-00C04F79EFBC}") = "LoopTask 3.3", "LoopTask 3.3\LoopTask 3.3.csproj", "{1F31D656-3CE9-4194-ACB3-1B04D9E5D478}"
EndProject
Global
	GlobalSection(SolutionConfigurationPlatforms) = preSolution
		Debug|Any CPU = Debug|Any CPU
		Release|Any CPU = Release|Any CPU
	EndGlobalSection
	GlobalSection(ProjectConfigurationPlatforms) = postSolution
		{1F31D656-3CE9-4194-ACB3-1B04D9E5D478}.Debug|Any CPU.ActiveCfg = Debug|Any CPU
		{1F31D656-3CE9-4194-ACB3-1B04D9E5D478}.Debug|Any CPU.Build.0 = Debug|Any CPU
		{1F31D656-3CE9-4194-ACB3-1B04D9E5D478}.Release|Any CPU.ActiveCfg = Release|Any CPU
		{1F31D656-3CE9-4194-ACB3-1B04D9E5D478}.Release|Any CPU.Build.0 = Release|Any CPU
	EndGlobalSection
	GlobalSection(SolutionProperties) = preSolution
		HideSolutionNode = FALSE
	EndGlobalSection
	GlobalSection(ExtensibilityGlobals) = postSolution
		SolutionGuid = {62946540-92FD-4B9D-AC46-9042400C0810}
	EndGlobalSection
EndGlobal
