
Microsoft Visual Studio Solution File, Format Version 12.00
# Visual Studio 15
VisualStudioVersion = 15.0.28010.2016
MinimumVisualStudioVersion = 10.0.40219.1
Project("{FAE04EC0-301F-11D3-BF4B-00C04F79EFBC}") = "Tabletask 3.1", "Tabletask 3.1\Tabletask 3.1.csproj", "{F417805A-C386-49B2-A121-1AB479184C98}"
EndProject
Global
	GlobalSection(SolutionConfigurationPlatforms) = preSolution
		Debug|Any CPU = Debug|Any CPU
		Release|Any CPU = Release|Any CPU
	EndGlobalSection
	GlobalSection(ProjectConfigurationPlatforms) = postSolution
		{F417805A-C386-49B2-A121-1AB479184C98}.Debug|Any CPU.ActiveCfg = Debug|Any CPU
		{F417805A-C386-49B2-A121-1AB479184C98}.Debug|Any CPU.Build.0 = Debug|Any CPU
		{F417805A-C386-49B2-A121-1AB479184C98}.Release|Any CPU.ActiveCfg = Release|Any CPU
		{F417805A-C386-49B2-A121-1AB479184C98}.Release|Any CPU.Build.0 = Release|Any CPU
	EndGlobalSection
	GlobalSection(SolutionProperties) = preSolution
		HideSolutionNode = FALSE
	EndGlobalSection
	GlobalSection(ExtensibilityGlobals) = postSolution
		SolutionGuid = {0E14908A-59AC-465C-99B5-BD302B797A84}
	EndGlobalSection
EndGlobal
