
Microsoft Visual Studio Solution File, Format Version 12.00
# Visual Studio 15
VisualStudioVersion = 15.0.28010.2016
MinimumVisualStudioVersion = 10.0.40219.1
Project("{FAE04EC0-301F-11D3-BF4B-00C04F79EFBC}") = "FunctionTask 1.3", "FunctionTask 1.3\FunctionTask 1.3.csproj", "{786F2999-D1B1-4D53-9090-5F2183EA01D7}"
EndProject
Global
	GlobalSection(SolutionConfigurationPlatforms) = preSolution
		Debug|Any CPU = Debug|Any CPU
		Release|Any CPU = Release|Any CPU
	EndGlobalSection
	GlobalSection(ProjectConfigurationPlatforms) = postSolution
		{786F2999-D1B1-4D53-9090-5F2183EA01D7}.Debug|Any CPU.ActiveCfg = Debug|Any CPU
		{786F2999-D1B1-4D53-9090-5F2183EA01D7}.Debug|Any CPU.Build.0 = Debug|Any CPU
		{786F2999-D1B1-4D53-9090-5F2183EA01D7}.Release|Any CPU.ActiveCfg = Release|Any CPU
		{786F2999-D1B1-4D53-9090-5F2183EA01D7}.Release|Any CPU.Build.0 = Release|Any CPU
	EndGlobalSection
	GlobalSection(SolutionProperties) = preSolution
		HideSolutionNode = FALSE
	EndGlobalSection
	GlobalSection(ExtensibilityGlobals) = postSolution
		SolutionGuid = {E65C27AB-E405-444E-A7DC-F628CCF7C6C6}
	EndGlobalSection
EndGlobal
