
Microsoft Visual Studio Solution File, Format Version 12.00
# Visual Studio 15
VisualStudioVersion = 15.0.28010.2016
MinimumVisualStudioVersion = 10.0.40219.1
Project("{FAE04EC0-301F-11D3-BF4B-00C04F79EFBC}") = "ItsearviontiTehtävä 1.1", "ItsearviontiTehtävä 1.1\ItsearviontiTehtävä 1.1.csproj", "{23F4951B-1D95-4537-AACB-290C1CEF105A}"
EndProject
Global
	GlobalSection(SolutionConfigurationPlatforms) = preSolution
		Debug|Any CPU = Debug|Any CPU
		Release|Any CPU = Release|Any CPU
	EndGlobalSection
	GlobalSection(ProjectConfigurationPlatforms) = postSolution
		{23F4951B-1D95-4537-AACB-290C1CEF105A}.Debug|Any CPU.ActiveCfg = Debug|Any CPU
		{23F4951B-1D95-4537-AACB-290C1CEF105A}.Debug|Any CPU.Build.0 = Debug|Any CPU
		{23F4951B-1D95-4537-AACB-290C1CEF105A}.Release|Any CPU.ActiveCfg = Release|Any CPU
		{23F4951B-1D95-4537-AACB-290C1CEF105A}.Release|Any CPU.Build.0 = Release|Any CPU
	EndGlobalSection
	GlobalSection(SolutionProperties) = preSolution
		HideSolutionNode = FALSE
	EndGlobalSection
	GlobalSection(ExtensibilityGlobals) = postSolution
		SolutionGuid = {1A598392-181C-4622-9F17-9ABEC6DBD9A0}
	EndGlobalSection
EndGlobal
