
Microsoft Visual Studio Solution File, Format Version 12.00
# Visual Studio 15
VisualStudioVersion = 15.0.28010.2016
MinimumVisualStudioVersion = 10.0.40219.1
Project("{FAE04EC0-301F-11D3-BF4B-00C04F79EFBC}") = "ifTask1.2", "ifTask1.2\ifTask1.2.csproj", "{FBA5B229-61D1-43E9-8CD6-D53EBF066B4E}"
EndProject
Global
	GlobalSection(SolutionConfigurationPlatforms) = preSolution
		Debug|Any CPU = Debug|Any CPU
		Release|Any CPU = Release|Any CPU
	EndGlobalSection
	GlobalSection(ProjectConfigurationPlatforms) = postSolution
		{FBA5B229-61D1-43E9-8CD6-D53EBF066B4E}.Debug|Any CPU.ActiveCfg = Debug|Any CPU
		{FBA5B229-61D1-43E9-8CD6-D53EBF066B4E}.Debug|Any CPU.Build.0 = Debug|Any CPU
		{FBA5B229-61D1-43E9-8CD6-D53EBF066B4E}.Release|Any CPU.ActiveCfg = Release|Any CPU
		{FBA5B229-61D1-43E9-8CD6-D53EBF066B4E}.Release|Any CPU.Build.0 = Release|Any CPU
	EndGlobalSection
	GlobalSection(SolutionProperties) = preSolution
		HideSolutionNode = FALSE
	EndGlobalSection
	GlobalSection(ExtensibilityGlobals) = postSolution
		SolutionGuid = {493A3213-A9ED-4E12-801D-583863076827}
	EndGlobalSection
EndGlobal
