
Microsoft Visual Studio Solution File, Format Version 12.00
# Visual Studio 15
VisualStudioVersion = 15.0.28010.2016
MinimumVisualStudioVersion = 10.0.40219.1
Project("{FAE04EC0-301F-11D3-BF4B-00C04F79EFBC}") = "LoopTask 4.5", "LoopTask 4.5\LoopTask 4.5.csproj", "{4DDF4306-CC33-4756-9836-A095CFCD3D45}"
EndProject
Global
	GlobalSection(SolutionConfigurationPlatforms) = preSolution
		Debug|Any CPU = Debug|Any CPU
		Release|Any CPU = Release|Any CPU
	EndGlobalSection
	GlobalSection(ProjectConfigurationPlatforms) = postSolution
		{4DDF4306-CC33-4756-9836-A095CFCD3D45}.Debug|Any CPU.ActiveCfg = Debug|Any CPU
		{4DDF4306-CC33-4756-9836-A095CFCD3D45}.Debug|Any CPU.Build.0 = Debug|Any CPU
		{4DDF4306-CC33-4756-9836-A095CFCD3D45}.Release|Any CPU.ActiveCfg = Release|Any CPU
		{4DDF4306-CC33-4756-9836-A095CFCD3D45}.Release|Any CPU.Build.0 = Release|Any CPU
	EndGlobalSection
	GlobalSection(SolutionProperties) = preSolution
		HideSolutionNode = FALSE
	EndGlobalSection
	GlobalSection(ExtensibilityGlobals) = postSolution
		SolutionGuid = {830BB992-315F-424A-8B22-6274E2E063E8}
	EndGlobalSection
EndGlobal
